
Microsoft Visual Studio Solution File, Format Version 12.00
# Visual Studio Version 17
VisualStudioVersion = 17.7.34024.191
MinimumVisualStudioVersion = 10.0.40219.1
Project("{FAE04EC0-301F-11D3-BF4B-00C04F79EFBC}") = "ExamGradingApp", "ExamGradingApp.csproj", "{D0EF7D8B-1959-443A-82D3-675C7870CD4A}"
EndProject
Project("{FAE04EC0-301F-11D3-BF4B-00C04F79EFBC}") = "UnitTestProject1", "ExamTest\UnitTestProject1\UnitTestProject1.csproj", "{83BCB36E-C679-403B-976B-C8B276395897}"
EndProject
Global
	GlobalSection(SolutionConfigurationPlatforms) = preSolution
		Debug|Any CPU = Debug|Any CPU
		Release|Any CPU = Release|Any CPU
	EndGlobalSection
	GlobalSection(ProjectConfigurationPlatforms) = postSolution
		{D0EF7D8B-1959-443A-82D3-675C7870CD4A}.Debug|Any CPU.ActiveCfg = Debug|Any CPU
		{D0EF7D8B-1959-443A-82D3-675C7870CD4A}.Debug|Any CPU.Build.0 = Debug|Any CPU
		{D0EF7D8B-1959-443A-82D3-675C7870CD4A}.Release|Any CPU.ActiveCfg = Release|Any CPU
		{D0EF7D8B-1959-443A-82D3-675C7870CD4A}.Release|Any CPU.Build.0 = Release|Any CPU
		{83BCB36E-C679-403B-976B-C8B276395897}.Debug|Any CPU.ActiveCfg = Debug|Any CPU
		{83BCB36E-C679-403B-976B-C8B276395897}.Debug|Any CPU.Build.0 = Debug|Any CPU
		{83BCB36E-C679-403B-976B-C8B276395897}.Release|Any CPU.ActiveCfg = Release|Any CPU
		{83BCB36E-C679-403B-976B-C8B276395897}.Release|Any CPU.Build.0 = Release|Any CPU
	EndGlobalSection
	GlobalSection(SolutionProperties) = preSolution
		HideSolutionNode = FALSE
	EndGlobalSection
	GlobalSection(ExtensibilityGlobals) = postSolution
		SolutionGuid = {32A99EDD-006E-44B4-BB58-D91FD3FD0B00}
	EndGlobalSection
EndGlobal
